
Microsoft Visual Studio Solution File, Format Version 12.00
# Visual Studio Version 17
VisualStudioVersion = 17.0.31919.166
MinimumVisualStudioVersion = 10.0.40219.1
Project("{9A19103F-16F7-4668-BE54-9A1E7A4F7556}") = "ApartmentRental.API", "ApartmentRental.API\ApartmentRental.API.csproj", "{990C790F-D948-4042-914F-5FCCDBF005D9}"
EndProject
Project("{9A19103F-16F7-4668-BE54-9A1E7A4F7556}") = "ApartmentRental.Core", "ApartmentRental.Core\ApartmentRental.Core.csproj", "{B0D07D4D-AC30-4FC9-A2F0-113E65D0D22F}"
EndProject
Project("{9A19103F-16F7-4668-BE54-9A1E7A4F7556}") = "ApartmentRental.Infrastructure", "ApartmentRental.Infrastructure\ApartmentRental.Infrastructure.csproj", "{C32F5707-3D50-44DB-9FED-FD904FCAC2DB}"
EndProject
Project("{FAE04EC0-301F-11D3-BF4B-00C04F79EFBC}") = "ApartmentRental.Tests", "ApartmentRental.Tests\ApartmentRental.Tests.csproj", "{EE480753-CB17-4AF2-9D8F-3512613C404E}"
EndProject
Global
	GlobalSection(SolutionConfigurationPlatforms) = preSolution
		Debug|Any CPU = Debug|Any CPU
		Release|Any CPU = Release|Any CPU
	EndGlobalSection
	GlobalSection(ProjectConfigurationPlatforms) = postSolution
		{990C790F-D948-4042-914F-5FCCDBF005D9}.Debug|Any CPU.ActiveCfg = Debug|Any CPU
		{990C790F-D948-4042-914F-5FCCDBF005D9}.Debug|Any CPU.Build.0 = Debug|Any CPU
		{990C790F-D948-4042-914F-5FCCDBF005D9}.Release|Any CPU.ActiveCfg = Release|Any CPU
		{990C790F-D948-4042-914F-5FCCDBF005D9}.Release|Any CPU.Build.0 = Release|Any CPU
		{B0D07D4D-AC30-4FC9-A2F0-113E65D0D22F}.Debug|Any CPU.ActiveCfg = Debug|Any CPU
		{B0D07D4D-AC30-4FC9-A2F0-113E65D0D22F}.Debug|Any CPU.Build.0 = Debug|Any CPU
		{B0D07D4D-AC30-4FC9-A2F0-113E65D0D22F}.Release|Any CPU.ActiveCfg = Release|Any CPU
		{B0D07D4D-AC30-4FC9-A2F0-113E65D0D22F}.Release|Any CPU.Build.0 = Release|Any CPU
		{C32F5707-3D50-44DB-9FED-FD904FCAC2DB}.Debug|Any CPU.ActiveCfg = Debug|Any CPU
		{C32F5707-3D50-44DB-9FED-FD904FCAC2DB}.Debug|Any CPU.Build.0 = Debug|Any CPU
		{C32F5707-3D50-44DB-9FED-FD904FCAC2DB}.Release|Any CPU.ActiveCfg = Release|Any CPU
		{C32F5707-3D50-44DB-9FED-FD904FCAC2DB}.Release|Any CPU.Build.0 = Release|Any CPU
		{EE480753-CB17-4AF2-9D8F-3512613C404E}.Debug|Any CPU.ActiveCfg = Debug|Any CPU
		{EE480753-CB17-4AF2-9D8F-3512613C404E}.Debug|Any CPU.Build.0 = Debug|Any CPU
		{EE480753-CB17-4AF2-9D8F-3512613C404E}.Release|Any CPU.ActiveCfg = Release|Any CPU
		{EE480753-CB17-4AF2-9D8F-3512613C404E}.Release|Any CPU.Build.0 = Release|Any CPU
	EndGlobalSection
	GlobalSection(SolutionProperties) = preSolution
		HideSolutionNode = FALSE
	EndGlobalSection
	GlobalSection(ExtensibilityGlobals) = postSolution
		SolutionGuid = {AEFC2A7C-9B14-4E68-B782-DA990920407E}
	EndGlobalSection
EndGlobal
